
Microsoft Visual Studio Solution File, Format Version 12.00
# Visual Studio Version 16
VisualStudioVersion = 16.0.28803.916
MinimumVisualStudioVersion = 10.0.40219.1
Project("{FAE04EC0-301F-11D3-BF4B-00C04F79EFBC}") = "atividade6", "atividade6\atividade6.csproj", "{05564A28-C35A-4454-B4AE-9B1A56D6E87E}"
EndProject
Global
	GlobalSection(SolutionConfigurationPlatforms) = preSolution
		Debug|Any CPU = Debug|Any CPU
		Release|Any CPU = Release|Any CPU
	EndGlobalSection
	GlobalSection(ProjectConfigurationPlatforms) = postSolution
		{05564A28-C35A-4454-B4AE-9B1A56D6E87E}.Debug|Any CPU.ActiveCfg = Debug|Any CPU
		{05564A28-C35A-4454-B4AE-9B1A56D6E87E}.Debug|Any CPU.Build.0 = Debug|Any CPU
		{05564A28-C35A-4454-B4AE-9B1A56D6E87E}.Release|Any CPU.ActiveCfg = Release|Any CPU
		{05564A28-C35A-4454-B4AE-9B1A56D6E87E}.Release|Any CPU.Build.0 = Release|Any CPU
	EndGlobalSection
	GlobalSection(SolutionProperties) = preSolution
		HideSolutionNode = FALSE
	EndGlobalSection
	GlobalSection(ExtensibilityGlobals) = postSolution
		SolutionGuid = {7275A70E-574A-410D-A82B-AC361F67E16E}
	EndGlobalSection
EndGlobal
