
Microsoft Visual Studio Solution File, Format Version 12.00
# Visual Studio Version 16
VisualStudioVersion = 16.0.29728.190
MinimumVisualStudioVersion = 10.0.40219.1
Project("{FAE04EC0-301F-11D3-BF4B-00C04F79EFBC}") = "PChamaOutraAplicacao", "PChamaOutraAplicacao.csproj", "{56D5D843-B189-4BD6-98FD-1A5FC0E2FFF9}"
EndProject
Global
	GlobalSection(SolutionConfigurationPlatforms) = preSolution
		Debug|Any CPU = Debug|Any CPU
		Release|Any CPU = Release|Any CPU
	EndGlobalSection
	GlobalSection(ProjectConfigurationPlatforms) = postSolution
		{56D5D843-B189-4BD6-98FD-1A5FC0E2FFF9}.Debug|Any CPU.ActiveCfg = Debug|Any CPU
		{56D5D843-B189-4BD6-98FD-1A5FC0E2FFF9}.Debug|Any CPU.Build.0 = Debug|Any CPU
		{56D5D843-B189-4BD6-98FD-1A5FC0E2FFF9}.Release|Any CPU.ActiveCfg = Release|Any CPU
		{56D5D843-B189-4BD6-98FD-1A5FC0E2FFF9}.Release|Any CPU.Build.0 = Release|Any CPU
	EndGlobalSection
	GlobalSection(SolutionProperties) = preSolution
		HideSolutionNode = FALSE
	EndGlobalSection
	GlobalSection(ExtensibilityGlobals) = postSolution
		SolutionGuid = {80A63B73-7F52-432C-9E88-40B3275467F1}
	EndGlobalSection
EndGlobal
