
Microsoft Visual Studio Solution File, Format Version 12.00
# Visual Studio Version 17
VisualStudioVersion = 17.7.34009.444
MinimumVisualStudioVersion = 10.0.40219.1
Project("{FAE04EC0-301F-11D3-BF4B-00C04F79EFBC}") = "WindowsFormsApp1", "WindowsFormsApp1\WindowsFormsApp1.csproj", "{525A3F6D-90CC-4BA9-8C09-D375E8B65502}"
EndProject
Global
	GlobalSection(SolutionConfigurationPlatforms) = preSolution
		Debug|Any CPU = Debug|Any CPU
		Release|Any CPU = Release|Any CPU
	EndGlobalSection
	GlobalSection(ProjectConfigurationPlatforms) = postSolution
		{525A3F6D-90CC-4BA9-8C09-D375E8B65502}.Debug|Any CPU.ActiveCfg = Debug|Any CPU
		{525A3F6D-90CC-4BA9-8C09-D375E8B65502}.Debug|Any CPU.Build.0 = Debug|Any CPU
		{525A3F6D-90CC-4BA9-8C09-D375E8B65502}.Release|Any CPU.ActiveCfg = Release|Any CPU
		{525A3F6D-90CC-4BA9-8C09-D375E8B65502}.Release|Any CPU.Build.0 = Release|Any CPU
	EndGlobalSection
	GlobalSection(SolutionProperties) = preSolution
		HideSolutionNode = FALSE
	EndGlobalSection
	GlobalSection(ExtensibilityGlobals) = postSolution
		SolutionGuid = {BBDDF425-5B45-4F72-9EE4-A6D131A2CAC9}
	EndGlobalSection
EndGlobal
